// !$*UTF8*$!
{
	archiveVersion = 1;
	classes = {
	};
	objectVersion = 48;
	objects = {

/* Begin PBXBuildFile section */
		9713AFA4209B80D300E07778 /* HTMLHelper.swift in Sources */ = {isa = PBXBuildFile; fileRef = 9713AFA3209B80D300E07778 /* HTMLHelper.swift */; };
		979E69CA209783E600C1B184 /* HCIArticleViewController.swift in Sources */ = {isa = PBXBuildFile; fileRef = 979E69C9209783E600C1B184 /* HCIArticleViewController.swift */; };
		97F27CB920A84C1C002787EF /* worldPic.jpg in Resources */ = {isa = PBXBuildFile; fileRef = 97F27CA820A84C1B002787EF /* worldPic.jpg */; };
		97F27CBA20A84C1C002787EF /* articlePic7.jpg in Resources */ = {isa = PBXBuildFile; fileRef = 97F27CA920A84C1B002787EF /* articlePic7.jpg */; };
		97F27CBB20A84C1C002787EF /* articlePic9.jpg in Resources */ = {isa = PBXBuildFile; fileRef = 97F27CAA20A84C1B002787EF /* articlePic9.jpg */; };
		97F27CBC20A84C1C002787EF /* articlePic2.jpg in Resources */ = {isa = PBXBuildFile; fileRef = 97F27CAB20A84C1B002787EF /* articlePic2.jpg */; };
		97F27CBE20A84C1C002787EF /* articlePic4.jpg in Resources */ = {isa = PBXBuildFile; fileRef = 97F27CAD20A84C1B002787EF /* articlePic4.jpg */; };
		97F27CBF20A84C1C002787EF /* businessPic.jpg in Resources */ = {isa = PBXBuildFile; fileRef = 97F27CAE20A84C1B002787EF /* businessPic.jpg */; };
		97F27CC120A84C1C002787EF /* sportsPic.jpg in Resources */ = {isa = PBXBuildFile; fileRef = 97F27CB020A84C1B002787EF /* sportsPic.jpg */; };
		97F27CC220A84C1C002787EF /* technologiesPic.png in Resources */ = {isa = PBXBuildFile; fileRef = 97F27CB120A84C1C002787EF /* technologiesPic.png */; };
		97F27CC320A84C1C002787EF /* articlePic5.jpg in Resources */ = {isa = PBXBuildFile; fileRef = 97F27CB220A84C1C002787EF /* articlePic5.jpg */; };
		97F27CC420A84C1C002787EF /* articlePic8.png in Resources */ = {isa = PBXBuildFile; fileRef = 97F27CB320A84C1C002787EF /* articlePic8.png */; };
		97F27CC520A84C1C002787EF /* articlePic1.jpg in Resources */ = {isa = PBXBuildFile; fileRef = 97F27CB420A84C1C002787EF /* articlePic1.jpg */; };
		97F27CC620A84C1C002787EF /* articlePic6.jpg in Resources */ = {isa = PBXBuildFile; fileRef = 97F27CB520A84C1C002787EF /* articlePic6.jpg */; };
		97F27CC720A84C1C002787EF /* entertainmentPic.jpg in Resources */ = {isa = PBXBuildFile; fileRef = 97F27CB620A84C1C002787EF /* entertainmentPic.jpg */; };
		97F27CC820A84C1C002787EF /* articlePic0.jpg in Resources */ = {isa = PBXBuildFile; fileRef = 97F27CB720A84C1C002787EF /* articlePic0.jpg */; };
		97F27CC920A84C1C002787EF /* healthPic.jpg in Resources */ = {isa = PBXBuildFile; fileRef = 97F27CB820A84C1C002787EF /* healthPic.jpg */; };
		97F27CCB20A84DA2002787EF /* sciencePic.jpg in Resources */ = {isa = PBXBuildFile; fileRef = 97F27CCA20A84DA2002787EF /* sciencePic.jpg */; };
		97F27CCF20A84E79002787EF /* articlePic3.jpg in Resources */ = {isa = PBXBuildFile; fileRef = 97F27CCE20A84E79002787EF /* articlePic3.jpg */; };
		97F27CD120A84EFE002787EF /* sciencePic.jpg in Resources */ = {isa = PBXBuildFile; fileRef = 97F27CD020A84EFE002787EF /* sciencePic.jpg */; };
		B1686A2A20960F6700C5522F /* NewsManager.swift in Sources */ = {isa = PBXBuildFile; fileRef = B1686A2820960F6700C5522F /* NewsManager.swift */; };
		B1686A2C20960F7E00C5522F /* News.swift in Sources */ = {isa = PBXBuildFile; fileRef = B1686A2B20960F7E00C5522F /* News.swift */; };
		B1686A2E20960F9B00C5522F /* CuriosityTests.swift in Sources */ = {isa = PBXBuildFile; fileRef = B1686A2D20960F9B00C5522F /* CuriosityTests.swift */; };
		E744F59120A653940069B1F0 /* NotificationManager.swift in Sources */ = {isa = PBXBuildFile; fileRef = E744F59020A653940069B1F0 /* NotificationManager.swift */; };
		E78DAC88209E362000E1BE0D /* FakeDataSet.swift in Sources */ = {isa = PBXBuildFile; fileRef = E78DAC87209E362000E1BE0D /* FakeDataSet.swift */; };
		E7E58EFB2095FC22003FFEA7 /* AppDelegate.swift in Sources */ = {isa = PBXBuildFile; fileRef = E7E58EFA2095FC22003FFEA7 /* AppDelegate.swift */; };
		E7E58EFD2095FC22003FFEA7 /* ViewController.swift in Sources */ = {isa = PBXBuildFile; fileRef = E7E58EFC2095FC22003FFEA7 /* ViewController.swift */; };
		E7E58F002095FC22003FFEA7 /* Main.storyboard in Resources */ = {isa = PBXBuildFile; fileRef = E7E58EFE2095FC22003FFEA7 /* Main.storyboard */; };
		E7E58F022095FC22003FFEA7 /* Assets.xcassets in Resources */ = {isa = PBXBuildFile; fileRef = E7E58F012095FC22003FFEA7 /* Assets.xcassets */; };
		E7E58F052095FC22003FFEA7 /* LaunchScreen.storyboard in Resources */ = {isa = PBXBuildFile; fileRef = E7E58F032095FC22003FFEA7 /* LaunchScreen.storyboard */; };
		E7E58F1B2095FC22003FFEA7 /* CuriosityUITests.swift in Sources */ = {isa = PBXBuildFile; fileRef = E7E58F1A2095FC22003FFEA7 /* CuriosityUITests.swift */; };
		E7E58F2F2095FE66003FFEA7 /* HCINewsTableViewCell.swift in Sources */ = {isa = PBXBuildFile; fileRef = E7E58F2A2095FE65003FFEA7 /* HCINewsTableViewCell.swift */; };
		E7E58F302095FE66003FFEA7 /* HCINewsTableViewCell.xib in Resources */ = {isa = PBXBuildFile; fileRef = E7E58F2B2095FE65003FFEA7 /* HCINewsTableViewCell.xib */; };
		E7E58F312095FE66003FFEA7 /* HCITitleNavigationBarView.xib in Resources */ = {isa = PBXBuildFile; fileRef = E7E58F2C2095FE65003FFEA7 /* HCITitleNavigationBarView.xib */; };
		E7E58F342095FECB003FFEA7 /* HCITitleNavigationBarView.swift in Sources */ = {isa = PBXBuildFile; fileRef = E7E58F332095FECB003FFEA7 /* HCITitleNavigationBarView.swift */; };
		E7E58F362095FEF0003FFEA7 /* Constants.swift in Sources */ = {isa = PBXBuildFile; fileRef = E7E58F352095FEF0003FFEA7 /* Constants.swift */; };
/* End PBXBuildFile section */

/* Begin PBXContainerItemProxy section */
		E7E58F0C2095FC22003FFEA7 /* PBXContainerItemProxy */ = {
			isa = PBXContainerItemProxy;
			containerPortal = E7E58EEF2095FC22003FFEA7 /* Project object */;
			proxyType = 1;
			remoteGlobalIDString = E7E58EF62095FC22003FFEA7;
			remoteInfo = Curiosity;
		};
		E7E58F172095FC22003FFEA7 /* PBXContainerItemProxy */ = {
			isa = PBXContainerItemProxy;
			containerPortal = E7E58EEF2095FC22003FFEA7 /* Project object */;
			proxyType = 1;
			remoteGlobalIDString = E7E58EF62095FC22003FFEA7;
			remoteInfo = Curiosity;
		};
/* End PBXContainerItemProxy section */

/* Begin PBXFileReference section */
		9713AFA3209B80D300E07778 /* HTMLHelper.swift */ = {isa = PBXFileReference; lastKnownFileType = sourcecode.swift; path = HTMLHelper.swift; sourceTree = "<group>"; };
		979E69C9209783E600C1B184 /* HCIArticleViewController.swift */ = {isa = PBXFileReference; lastKnownFileType = sourcecode.swift; path = HCIArticleViewController.swift; sourceTree = "<group>"; };
		97F27CA820A84C1B002787EF /* worldPic.jpg */ = {isa = PBXFileReference; lastKnownFileType = image.jpeg; path = worldPic.jpg; sourceTree = "<group>"; };
		97F27CA920A84C1B002787EF /* articlePic7.jpg */ = {isa = PBXFileReference; lastKnownFileType = image.jpeg; name = articlePic7.jpg; path = "../../../../../../../../../Desktop/hci sources/articlePic7.jpg"; sourceTree = "<group>"; };
		97F27CAA20A84C1B002787EF /* articlePic9.jpg */ = {isa = PBXFileReference; lastKnownFileType = image.jpeg; name = articlePic9.jpg; path = "../../../../../../../../../Desktop/hci sources/articlePic9.jpg"; sourceTree = "<group>"; };
		97F27CAB20A84C1B002787EF /* articlePic2.jpg */ = {isa = PBXFileReference; lastKnownFileType = image.jpeg; name = articlePic2.jpg; path = "../../../../../../../../../Desktop/hci sources/articlePic2.jpg"; sourceTree = "<group>"; };
		97F27CAD20A84C1B002787EF /* articlePic4.jpg */ = {isa = PBXFileReference; lastKnownFileType = image.jpeg; name = articlePic4.jpg; path = "../../../../../../../../../Desktop/hci sources/articlePic4.jpg"; sourceTree = "<group>"; };
		97F27CAE20A84C1B002787EF /* businessPic.jpg */ = {isa = PBXFileReference; lastKnownFileType = image.jpeg; path = businessPic.jpg; sourceTree = "<group>"; };
		97F27CB020A84C1B002787EF /* sportsPic.jpg */ = {isa = PBXFileReference; lastKnownFileType = image.jpeg; path = sportsPic.jpg; sourceTree = "<group>"; };
		97F27CB120A84C1C002787EF /* technologiesPic.png */ = {isa = PBXFileReference; lastKnownFileType = image.png; path = technologiesPic.png; sourceTree = "<group>"; };
		97F27CB220A84C1C002787EF /* articlePic5.jpg */ = {isa = PBXFileReference; lastKnownFileType = image.jpeg; name = articlePic5.jpg; path = "../../../../../../../../../Desktop/hci sources/articlePic5.jpg"; sourceTree = "<group>"; };
		97F27CB320A84C1C002787EF /* articlePic8.png */ = {isa = PBXFileReference; lastKnownFileType = image.png; name = articlePic8.png; path = "../../../../../../../../../Desktop/hci sources/articlePic8.png"; sourceTree = "<group>"; };
		97F27CB420A84C1C002787EF /* articlePic1.jpg */ = {isa = PBXFileReference; lastKnownFileType = image.jpeg; name = articlePic1.jpg; path = "../../../../../../../../../Desktop/hci sources/articlePic1.jpg"; sourceTree = "<group>"; };
		97F27CB520A84C1C002787EF /* articlePic6.jpg */ = {isa = PBXFileReference; lastKnownFileType = image.jpeg; name = articlePic6.jpg; path = "../../../../../../../../../Desktop/hci sources/articlePic6.jpg"; sourceTree = "<group>"; };
		97F27CB620A84C1C002787EF /* entertainmentPic.jpg */ = {isa = PBXFileReference; lastKnownFileType = image.jpeg; path = entertainmentPic.jpg; sourceTree = "<group>"; };
		97F27CB720A84C1C002787EF /* articlePic0.jpg */ = {isa = PBXFileReference; lastKnownFileType = image.jpeg; name = articlePic0.jpg; path = "../../../../../../../../../Desktop/hci sources/articlePic0.jpg"; sourceTree = "<group>"; };
		97F27CB820A84C1C002787EF /* healthPic.jpg */ = {isa = PBXFileReference; lastKnownFileType = image.jpeg; path = healthPic.jpg; sourceTree = "<group>"; };
		97F27CCA20A84DA2002787EF /* sciencePic.jpg */ = {isa = PBXFileReference; lastKnownFileType = image.jpeg; path = sciencePic.jpg; sourceTree = "<group>"; };
		97F27CCE20A84E79002787EF /* articlePic3.jpg */ = {isa = PBXFileReference; lastKnownFileType = image.jpeg; path = articlePic3.jpg; sourceTree = "<group>"; };
		97F27CD020A84EFE002787EF /* sciencePic.jpg */ = {isa = PBXFileReference; lastKnownFileType = image.jpeg; name = sciencePic.jpg; path = "../../../../../../../../../Desktop/hci sources/sciencePic.jpg"; sourceTree = "<group>"; };
		B1686A2820960F6700C5522F /* NewsManager.swift */ = {isa = PBXFileReference; fileEncoding = 4; lastKnownFileType = sourcecode.swift; path = NewsManager.swift; sourceTree = "<group>"; };
		B1686A2B20960F7E00C5522F /* News.swift */ = {isa = PBXFileReference; fileEncoding = 4; lastKnownFileType = sourcecode.swift; path = News.swift; sourceTree = "<group>"; };
		B1686A2D20960F9B00C5522F /* CuriosityTests.swift */ = {isa = PBXFileReference; fileEncoding = 4; lastKnownFileType = sourcecode.swift; path = CuriosityTests.swift; sourceTree = "<group>"; };
		E744F59020A653940069B1F0 /* NotificationManager.swift */ = {isa = PBXFileReference; lastKnownFileType = sourcecode.swift; path = NotificationManager.swift; sourceTree = "<group>"; };
		E78DAC87209E362000E1BE0D /* FakeDataSet.swift */ = {isa = PBXFileReference; lastKnownFileType = sourcecode.swift; path = FakeDataSet.swift; sourceTree = "<group>"; };
		E7E58EF72095FC22003FFEA7 /* Curiosity.app */ = {isa = PBXFileReference; explicitFileType = wrapper.application; includeInIndex = 0; path = Curiosity.app; sourceTree = BUILT_PRODUCTS_DIR; };
		E7E58EFA2095FC22003FFEA7 /* AppDelegate.swift */ = {isa = PBXFileReference; lastKnownFileType = sourcecode.swift; path = AppDelegate.swift; sourceTree = "<group>"; };
		E7E58EFC2095FC22003FFEA7 /* ViewController.swift */ = {isa = PBXFileReference; lastKnownFileType = sourcecode.swift; path = ViewController.swift; sourceTree = "<group>"; };
		E7E58EFF2095FC22003FFEA7 /* Base */ = {isa = PBXFileReference; lastKnownFileType = file.storyboard; name = Base; path = Base.lproj/Main.storyboard; sourceTree = "<group>"; };
		E7E58F012095FC22003FFEA7 /* Assets.xcassets */ = {isa = PBXFileReference; lastKnownFileType = folder.assetcatalog; path = Assets.xcassets; sourceTree = "<group>"; };
		E7E58F042095FC22003FFEA7 /* Base */ = {isa = PBXFileReference; lastKnownFileType = file.storyboard; name = Base; path = Base.lproj/LaunchScreen.storyboard; sourceTree = "<group>"; };
		E7E58F062095FC22003FFEA7 /* Info.plist */ = {isa = PBXFileReference; lastKnownFileType = text.plist.xml; path = Info.plist; sourceTree = "<group>"; };
		E7E58F0B2095FC22003FFEA7 /* CuriosityTests.xctest */ = {isa = PBXFileReference; explicitFileType = wrapper.cfbundle; includeInIndex = 0; path = CuriosityTests.xctest; sourceTree = BUILT_PRODUCTS_DIR; };
		E7E58F112095FC22003FFEA7 /* Info.plist */ = {isa = PBXFileReference; lastKnownFileType = text.plist.xml; path = Info.plist; sourceTree = "<group>"; };
		E7E58F162095FC22003FFEA7 /* CuriosityUITests.xctest */ = {isa = PBXFileReference; explicitFileType = wrapper.cfbundle; includeInIndex = 0; path = CuriosityUITests.xctest; sourceTree = BUILT_PRODUCTS_DIR; };
		E7E58F1A2095FC22003FFEA7 /* CuriosityUITests.swift */ = {isa = PBXFileReference; lastKnownFileType = sourcecode.swift; path = CuriosityUITests.swift; sourceTree = "<group>"; };
		E7E58F1C2095FC22003FFEA7 /* Info.plist */ = {isa = PBXFileReference; lastKnownFileType = text.plist.xml; path = Info.plist; sourceTree = "<group>"; };
		E7E58F2A2095FE65003FFEA7 /* HCINewsTableViewCell.swift */ = {isa = PBXFileReference; fileEncoding = 4; lastKnownFileType = sourcecode.swift; path = HCINewsTableViewCell.swift; sourceTree = "<group>"; };
		E7E58F2B2095FE65003FFEA7 /* HCINewsTableViewCell.xib */ = {isa = PBXFileReference; fileEncoding = 4; lastKnownFileType = file.xib; path = HCINewsTableViewCell.xib; sourceTree = "<group>"; };
		E7E58F2C2095FE65003FFEA7 /* HCITitleNavigationBarView.xib */ = {isa = PBXFileReference; fileEncoding = 4; lastKnownFileType = file.xib; path = HCITitleNavigationBarView.xib; sourceTree = "<group>"; };
		E7E58F332095FECB003FFEA7 /* HCITitleNavigationBarView.swift */ = {isa = PBXFileReference; fileEncoding = 4; lastKnownFileType = sourcecode.swift; path = HCITitleNavigationBarView.swift; sourceTree = "<group>"; };
		E7E58F352095FEF0003FFEA7 /* Constants.swift */ = {isa = PBXFileReference; fileEncoding = 4; lastKnownFileType = sourcecode.swift; path = Constants.swift; sourceTree = "<group>"; };
/* End PBXFileReference section */

/* Begin PBXFrameworksBuildPhase section */
		E7E58EF42095FC22003FFEA7 /* Frameworks */ = {
			isa = PBXFrameworksBuildPhase;
			buildActionMask = 2147483647;
			files = (
			);
			runOnlyForDeploymentPostprocessing = 0;
		};
		E7E58F082095FC22003FFEA7 /* Frameworks */ = {
			isa = PBXFrameworksBuildPhase;
			buildActionMask = 2147483647;
			files = (
			);
			runOnlyForDeploymentPostprocessing = 0;
		};
		E7E58F132095FC22003FFEA7 /* Frameworks */ = {
			isa = PBXFrameworksBuildPhase;
			buildActionMask = 2147483647;
			files = (
			);
			runOnlyForDeploymentPostprocessing = 0;
		};
/* End PBXFrameworksBuildPhase section */

/* Begin PBXGroup section */
		9711523420A4774200C5ECCF /* Resources */ = {
			isa = PBXGroup;
			children = (
				97F27CB720A84C1C002787EF /* articlePic0.jpg */,
				97F27CB420A84C1C002787EF /* articlePic1.jpg */,
				97F27CAB20A84C1B002787EF /* articlePic2.jpg */,
				97F27CAD20A84C1B002787EF /* articlePic4.jpg */,
				97F27CCE20A84E79002787EF /* articlePic3.jpg */,
				97F27CB220A84C1C002787EF /* articlePic5.jpg */,
				97F27CB520A84C1C002787EF /* articlePic6.jpg */,
				97F27CA920A84C1B002787EF /* articlePic7.jpg */,
				97F27CCA20A84DA2002787EF /* sciencePic.jpg */,
				97F27CB320A84C1C002787EF /* articlePic8.png */,
				97F27CAA20A84C1B002787EF /* articlePic9.jpg */,
				97F27CAE20A84C1B002787EF /* businessPic.jpg */,
				97F27CB620A84C1C002787EF /* entertainmentPic.jpg */,
				97F27CB820A84C1C002787EF /* healthPic.jpg */,
				97F27CD020A84EFE002787EF /* sciencePic.jpg */,
				97F27CB020A84C1B002787EF /* sportsPic.jpg */,
				97F27CB120A84C1C002787EF /* technologiesPic.png */,
				97F27CA820A84C1B002787EF /* worldPic.jpg */,
			);
			path = Resources;
			sourceTree = "<group>";
		};
		B1686A1F20960E9200C5522F /* Modell */ = {
			isa = PBXGroup;
			children = (
				E744F59020A653940069B1F0 /* NotificationManager.swift */,
				B1686A2820960F6700C5522F /* NewsManager.swift */,
				B1686A2B20960F7E00C5522F /* News.swift */,
				E78DAC87209E362000E1BE0D /* FakeDataSet.swift */,
			);
			path = Modell;
			sourceTree = "<group>";
		};
		B1686A2020960EA400C5522F /* Controller */ = {
			isa = PBXGroup;
			children = (
				E7E58EFC2095FC22003FFEA7 /* ViewController.swift */,
				979E69C9209783E600C1B184 /* HCIArticleViewController.swift */,
			);
			path = Controller;
			sourceTree = "<group>";
		};
		E7E58EEE2095FC22003FFEA7 = {
			isa = PBXGroup;
			children = (
				E7E58EF92095FC22003FFEA7 /* Curiosity */,
				E7E58F0E2095FC22003FFEA7 /* CuriosityTests */,
				E7E58F192095FC22003FFEA7 /* CuriosityUITests */,
				E7E58EF82095FC22003FFEA7 /* Products */,
			);
			sourceTree = "<group>";
		};
		E7E58EF82095FC22003FFEA7 /* Products */ = {
			isa = PBXGroup;
			children = (
				E7E58EF72095FC22003FFEA7 /* Curiosity.app */,
				E7E58F0B2095FC22003FFEA7 /* CuriosityTests.xctest */,
				E7E58F162095FC22003FFEA7 /* CuriosityUITests.xctest */,
			);
			name = Products;
			sourceTree = "<group>";
		};
		E7E58EF92095FC22003FFEA7 /* Curiosity */ = {
			isa = PBXGroup;
			children = (
				9711523420A4774200C5ECCF /* Resources */,
				9713AFA3209B80D300E07778 /* HTMLHelper.swift */,
				B1686A2020960EA400C5522F /* Controller */,
				B1686A1F20960E9200C5522F /* Modell */,
				E7E58EFA2095FC22003FFEA7 /* AppDelegate.swift */,
				E7E58EFE2095FC22003FFEA7 /* Main.storyboard */,
				E7E58F012095FC22003FFEA7 /* Assets.xcassets */,
				E7E58F322095FE6E003FFEA7 /* View */,
				E7E58F032095FC22003FFEA7 /* LaunchScreen.storyboard */,
				E7E58F062095FC22003FFEA7 /* Info.plist */,
				E7E58F352095FEF0003FFEA7 /* Constants.swift */,
			);
			path = Curiosity;
			sourceTree = "<group>";
		};
		E7E58F0E2095FC22003FFEA7 /* CuriosityTests */ = {
			isa = PBXGroup;
			children = (
				B1686A2D20960F9B00C5522F /* CuriosityTests.swift */,
				E7E58F112095FC22003FFEA7 /* Info.plist */,
			);
			path = CuriosityTests;
			sourceTree = "<group>";
		};
		E7E58F192095FC22003FFEA7 /* CuriosityUITests */ = {
			isa = PBXGroup;
			children = (
				E7E58F1A2095FC22003FFEA7 /* CuriosityUITests.swift */,
				E7E58F1C2095FC22003FFEA7 /* Info.plist */,
			);
			path = CuriosityUITests;
			sourceTree = "<group>";
		};
		E7E58F322095FE6E003FFEA7 /* View */ = {
			isa = PBXGroup;
			children = (
				E7E58F2A2095FE65003FFEA7 /* HCINewsTableViewCell.swift */,
				E7E58F2B2095FE65003FFEA7 /* HCINewsTableViewCell.xib */,
				E7E58F332095FECB003FFEA7 /* HCITitleNavigationBarView.swift */,
				E7E58F2C2095FE65003FFEA7 /* HCITitleNavigationBarView.xib */,
			);
			path = View;
			sourceTree = "<group>";
		};
/* End PBXGroup section */

/* Begin PBXNativeTarget section */
		E7E58EF62095FC22003FFEA7 /* Curiosity */ = {
			isa = PBXNativeTarget;
			buildConfigurationList = E7E58F1F2095FC22003FFEA7 /* Build configuration list for PBXNativeTarget "Curiosity" */;
			buildPhases = (
				E7E58EF32095FC22003FFEA7 /* Sources */,
				E7E58EF42095FC22003FFEA7 /* Frameworks */,
				E7E58EF52095FC22003FFEA7 /* Resources */,
			);
			buildRules = (
			);
			dependencies = (
			);
			name = Curiosity;
			productName = Curiosity;
			productReference = E7E58EF72095FC22003FFEA7 /* Curiosity.app */;
			productType = "com.apple.product-type.application";
		};
		E7E58F0A2095FC22003FFEA7 /* CuriosityTests */ = {
			isa = PBXNativeTarget;
			buildConfigurationList = E7E58F222095FC22003FFEA7 /* Build configuration list for PBXNativeTarget "CuriosityTests" */;
			buildPhases = (
				E7E58F072095FC22003FFEA7 /* Sources */,
				E7E58F082095FC22003FFEA7 /* Frameworks */,
				E7E58F092095FC22003FFEA7 /* Resources */,
			);
			buildRules = (
			);
			dependencies = (
				E7E58F0D2095FC22003FFEA7 /* PBXTargetDependency */,
			);
			name = CuriosityTests;
			productName = CuriosityTests;
			productReference = E7E58F0B2095FC22003FFEA7 /* CuriosityTests.xctest */;
			productType = "com.apple.product-type.bundle.unit-test";
		};
		E7E58F152095FC22003FFEA7 /* CuriosityUITests */ = {
			isa = PBXNativeTarget;
			buildConfigurationList = E7E58F252095FC22003FFEA7 /* Build configuration list for PBXNativeTarget "CuriosityUITests" */;
			buildPhases = (
				E7E58F122095FC22003FFEA7 /* Sources */,
				E7E58F132095FC22003FFEA7 /* Frameworks */,
				E7E58F142095FC22003FFEA7 /* Resources */,
			);
			buildRules = (
			);
			dependencies = (
				E7E58F182095FC22003FFEA7 /* PBXTargetDependency */,
			);
			name = CuriosityUITests;
			productName = CuriosityUITests;
			productReference = E7E58F162095FC22003FFEA7 /* CuriosityUITests.xctest */;
			productType = "com.apple.product-type.bundle.ui-testing";
		};
/* End PBXNativeTarget section */

/* Begin PBXProject section */
		E7E58EEF2095FC22003FFEA7 /* Project object */ = {
			isa = PBXProject;
			attributes = {
				LastSwiftUpdateCheck = 0900;
				LastUpgradeCheck = 0900;
				ORGANIZATIONNAME = InteractiveNewsExplorer;
				TargetAttributes = {
					E7E58EF62095FC22003FFEA7 = {
						CreatedOnToolsVersion = 9.0.1;
						ProvisioningStyle = Automatic;
					};
					E7E58F0A2095FC22003FFEA7 = {
						CreatedOnToolsVersion = 9.0.1;
						LastSwiftMigration = 0920;
						ProvisioningStyle = Automatic;
						TestTargetID = E7E58EF62095FC22003FFEA7;
					};
					E7E58F152095FC22003FFEA7 = {
						CreatedOnToolsVersion = 9.0.1;
						ProvisioningStyle = Automatic;
						TestTargetID = E7E58EF62095FC22003FFEA7;
					};
				};
			};
			buildConfigurationList = E7E58EF22095FC22003FFEA7 /* Build configuration list for PBXProject "Curiosity" */;
			compatibilityVersion = "Xcode 8.0";
			developmentRegion = en;
			hasScannedForEncodings = 0;
			knownRegions = (
				en,
				Base,
			);
			mainGroup = E7E58EEE2095FC22003FFEA7;
			productRefGroup = E7E58EF82095FC22003FFEA7 /* Products */;
			projectDirPath = "";
			projectRoot = "";
			targets = (
				E7E58EF62095FC22003FFEA7 /* Curiosity */,
				E7E58F0A2095FC22003FFEA7 /* CuriosityTests */,
				E7E58F152095FC22003FFEA7 /* CuriosityUITests */,
			);
		};
/* End PBXProject section */

/* Begin PBXResourcesBuildPhase section */
		E7E58EF52095FC22003FFEA7 /* Resources */ = {
			isa = PBXResourcesBuildPhase;
			buildActionMask = 2147483647;
			files = (
				97F27CC620A84C1C002787EF /* articlePic6.jpg in Resources */,
				97F27CCF20A84E79002787EF /* articlePic3.jpg in Resources */,
				97F27CC420A84C1C002787EF /* articlePic8.png in Resources */,
				97F27CC920A84C1C002787EF /* healthPic.jpg in Resources */,
				E7E58F052095FC22003FFEA7 /* LaunchScreen.storyboard in Resources */,
				97F27CD120A84EFE002787EF /* sciencePic.jpg in Resources */,
				97F27CC820A84C1C002787EF /* articlePic0.jpg in Resources */,
				97F27CB920A84C1C002787EF /* worldPic.jpg in Resources */,
				97F27CC320A84C1C002787EF /* articlePic5.jpg in Resources */,
				97F27CBF20A84C1C002787EF /* businessPic.jpg in Resources */,
				E7E58F312095FE66003FFEA7 /* HCITitleNavigationBarView.xib in Resources */,
				97F27CC120A84C1C002787EF /* sportsPic.jpg in Resources */,
				97F27CC220A84C1C002787EF /* technologiesPic.png in Resources */,
				97F27CBA20A84C1C002787EF /* articlePic7.jpg in Resources */,
				97F27CBE20A84C1C002787EF /* articlePic4.jpg in Resources */,
				E7E58F022095FC22003FFEA7 /* Assets.xcassets in Resources */,
				97F27CC720A84C1C002787EF /* entertainmentPic.jpg in Resources */,
				E7E58F302095FE66003FFEA7 /* HCINewsTableViewCell.xib in Resources */,
				97F27CBC20A84C1C002787EF /* articlePic2.jpg in Resources */,
				E7E58F002095FC22003FFEA7 /* Main.storyboard in Resources */,
				97F27CC520A84C1C002787EF /* articlePic1.jpg in Resources */,
				97F27CBB20A84C1C002787EF /* articlePic9.jpg in Resources */,
				97F27CCB20A84DA2002787EF /* sciencePic.jpg in Resources */,
			);
			runOnlyForDeploymentPostprocessing = 0;
		};
		E7E58F092095FC22003FFEA7 /* Resources */ = {
			isa = PBXResourcesBuildPhase;
			buildActionMask = 2147483647;
			files = (
			);
			runOnlyForDeploymentPostprocessing = 0;
		};
		E7E58F142095FC22003FFEA7 /* Resources */ = {
			isa = PBXResourcesBuildPhase;
			buildActionMask = 2147483647;
			files = (
			);
			runOnlyForDeploymentPostprocessing = 0;
		};
/* End PBXResourcesBuildPhase section */

/* Begin PBXSourcesBuildPhase section */
		E7E58EF32095FC22003FFEA7 /* Sources */ = {
			isa = PBXSourcesBuildPhase;
			buildActionMask = 2147483647;
			files = (
				979E69CA209783E600C1B184 /* HCIArticleViewController.swift in Sources */,
				E7E58F362095FEF0003FFEA7 /* Constants.swift in Sources */,
				9713AFA4209B80D300E07778 /* HTMLHelper.swift in Sources */,
				E7E58F2F2095FE66003FFEA7 /* HCINewsTableViewCell.swift in Sources */,
				E744F59120A653940069B1F0 /* NotificationManager.swift in Sources */,
				B1686A2C20960F7E00C5522F /* News.swift in Sources */,
				E7E58F342095FECB003FFEA7 /* HCITitleNavigationBarView.swift in Sources */,
				B1686A2A20960F6700C5522F /* NewsManager.swift in Sources */,
				E7E58EFD2095FC22003FFEA7 /* ViewController.swift in Sources */,
				E78DAC88209E362000E1BE0D /* FakeDataSet.swift in Sources */,
				E7E58EFB2095FC22003FFEA7 /* AppDelegate.swift in Sources */,
			);
			runOnlyForDeploymentPostprocessing = 0;
		};
		E7E58F072095FC22003FFEA7 /* Sources */ = {
			isa = PBXSourcesBuildPhase;
			buildActionMask = 2147483647;
			files = (
				B1686A2E20960F9B00C5522F /* CuriosityTests.swift in Sources */,
			);
			runOnlyForDeploymentPostprocessing = 0;
		};
		E7E58F122095FC22003FFEA7 /* Sources */ = {
			isa = PBXSourcesBuildPhase;
			buildActionMask = 2147483647;
			files = (
				E7E58F1B2095FC22003FFEA7 /* CuriosityUITests.swift in Sources */,
			);
			runOnlyForDeploymentPostprocessing = 0;
		};
/* End PBXSourcesBuildPhase section */

/* Begin PBXTargetDependency section */
		E7E58F0D2095FC22003FFEA7 /* PBXTargetDependency */ = {
			isa = PBXTargetDependency;
			target = E7E58EF62095FC22003FFEA7 /* Curiosity */;
			targetProxy = E7E58F0C2095FC22003FFEA7 /* PBXContainerItemProxy */;
		};
		E7E58F182095FC22003FFEA7 /* PBXTargetDependency */ = {
			isa = PBXTargetDependency;
			target = E7E58EF62095FC22003FFEA7 /* Curiosity */;
			targetProxy = E7E58F172095FC22003FFEA7 /* PBXContainerItemProxy */;
		};
/* End PBXTargetDependency section */

/* Begin PBXVariantGroup section */
		E7E58EFE2095FC22003FFEA7 /* Main.storyboard */ = {
			isa = PBXVariantGroup;
			children = (
				E7E58EFF2095FC22003FFEA7 /* Base */,
			);
			name = Main.storyboard;
			sourceTree = "<group>";
		};
		E7E58F032095FC22003FFEA7 /* LaunchScreen.storyboard */ = {
			isa = PBXVariantGroup;
			children = (
				E7E58F042095FC22003FFEA7 /* Base */,
			);
			name = LaunchScreen.storyboard;
			sourceTree = "<group>";
		};
/* End PBXVariantGroup section */

/* Begin XCBuildConfiguration section */
		E7E58F1D2095FC22003FFEA7 /* Debug */ = {
			isa = XCBuildConfiguration;
			buildSettings = {
				ALWAYS_SEARCH_USER_PATHS = NO;
				CLANG_ANALYZER_NONNULL = YES;
				CLANG_ANALYZER_NUMBER_OBJECT_CONVERSION = YES_AGGRESSIVE;
				CLANG_CXX_LANGUAGE_STANDARD = "gnu++14";
				CLANG_CXX_LIBRARY = "libc++";
				CLANG_ENABLE_MODULES = YES;
				CLANG_ENABLE_OBJC_ARC = YES;
				CLANG_WARN_BLOCK_CAPTURE_AUTORELEASING = YES;
				CLANG_WARN_BOOL_CONVERSION = YES;
				CLANG_WARN_COMMA = YES;
				CLANG_WARN_CONSTANT_CONVERSION = YES;
				CLANG_WARN_DIRECT_OBJC_ISA_USAGE = YES_ERROR;
				CLANG_WARN_DOCUMENTATION_COMMENTS = YES;
				CLANG_WARN_EMPTY_BODY = YES;
				CLANG_WARN_ENUM_CONVERSION = YES;
				CLANG_WARN_INFINITE_RECURSION = YES;
				CLANG_WARN_INT_CONVERSION = YES;
				CLANG_WARN_NON_LITERAL_NULL_CONVERSION = YES;
				CLANG_WARN_OBJC_LITERAL_CONVERSION = YES;
				CLANG_WARN_OBJC_ROOT_CLASS = YES_ERROR;
				CLANG_WARN_RANGE_LOOP_ANALYSIS = YES;
				CLANG_WARN_STRICT_PROTOTYPES = YES;
				CLANG_WARN_SUSPICIOUS_MOVE = YES;
				CLANG_WARN_UNGUARDED_AVAILABILITY = YES_AGGRESSIVE;
				CLANG_WARN_UNREACHABLE_CODE = YES;
				CLANG_WARN__DUPLICATE_METHOD_MATCH = YES;
				CODE_SIGN_IDENTITY = "iPhone Developer";
				COPY_PHASE_STRIP = NO;
				DEBUG_INFORMATION_FORMAT = dwarf;
				ENABLE_STRICT_OBJC_MSGSEND = YES;
				ENABLE_TESTABILITY = YES;
				GCC_C_LANGUAGE_STANDARD = gnu11;
				GCC_DYNAMIC_NO_PIC = NO;
				GCC_NO_COMMON_BLOCKS = YES;
				GCC_OPTIMIZATION_LEVEL = 0;
				GCC_PREPROCESSOR_DEFINITIONS = (
					"DEBUG=1",
					"$(inherited)",
				);
				GCC_WARN_64_TO_32_BIT_CONVERSION = YES;
				GCC_WARN_ABOUT_RETURN_TYPE = YES_ERROR;
				GCC_WARN_UNDECLARED_SELECTOR = YES;
				GCC_WARN_UNINITIALIZED_AUTOS = YES_AGGRESSIVE;
				GCC_WARN_UNUSED_FUNCTION = YES;
				GCC_WARN_UNUSED_VARIABLE = YES;
				IPHONEOS_DEPLOYMENT_TARGET = 11.0;
				MTL_ENABLE_DEBUG_INFO = YES;
				ONLY_ACTIVE_ARCH = YES;
				SDKROOT = iphoneos;
				SWIFT_ACTIVE_COMPILATION_CONDITIONS = DEBUG;
				SWIFT_OPTIMIZATION_LEVEL = "-Onone";
			};
			name = Debug;
		};
		E7E58F1E2095FC22003FFEA7 /* Release */ = {
			isa = XCBuildConfiguration;
			buildSettings = {
				ALWAYS_SEARCH_USER_PATHS = NO;
				CLANG_ANALYZER_NONNULL = YES;
				CLANG_ANALYZER_NUMBER_OBJECT_CONVERSION = YES_AGGRESSIVE;
				CLANG_CXX_LANGUAGE_STANDARD = "gnu++14";
				CLANG_CXX_LIBRARY = "libc++";
				CLANG_ENABLE_MODULES = YES;
				CLANG_ENABLE_OBJC_ARC = YES;
				CLANG_WARN_BLOCK_CAPTURE_AUTORELEASING = YES;
				CLANG_WARN_BOOL_CONVERSION = YES;
				CLANG_WARN_COMMA = YES;
				CLANG_WARN_CONSTANT_CONVERSION = YES;
				CLANG_WARN_DIRECT_OBJC_ISA_USAGE = YES_ERROR;
				CLANG_WARN_DOCUMENTATION_COMMENTS = YES;
				CLANG_WARN_EMPTY_BODY = YES;
				CLANG_WARN_ENUM_CONVERSION = YES;
				CLANG_WARN_INFINITE_RECURSION = YES;
				CLANG_WARN_INT_CONVERSION = YES;
				CLANG_WARN_NON_LITERAL_NULL_CONVERSION = YES;
				CLANG_WARN_OBJC_LITERAL_CONVERSION = YES;
				CLANG_WARN_OBJC_ROOT_CLASS = YES_ERROR;
				CLANG_WARN_RANGE_LOOP_ANALYSIS = YES;
				CLANG_WARN_STRICT_PROTOTYPES = YES;
				CLANG_WARN_SUSPICIOUS_MOVE = YES;
				CLANG_WARN_UNGUARDED_AVAILABILITY = YES_AGGRESSIVE;
				CLANG_WARN_UNREACHABLE_CODE = YES;
				CLANG_WARN__DUPLICATE_METHOD_MATCH = YES;
				CODE_SIGN_IDENTITY = "iPhone Developer";
				COPY_PHASE_STRIP = NO;
				DEBUG_INFORMATION_FORMAT = "dwarf-with-dsym";
				ENABLE_NS_ASSERTIONS = NO;
				ENABLE_STRICT_OBJC_MSGSEND = YES;
				GCC_C_LANGUAGE_STANDARD = gnu11;
				GCC_NO_COMMON_BLOCKS = YES;
				GCC_WARN_64_TO_32_BIT_CONVERSION = YES;
				GCC_WARN_ABOUT_RETURN_TYPE = YES_ERROR;
				GCC_WARN_UNDECLARED_SELECTOR = YES;
				GCC_WARN_UNINITIALIZED_AUTOS = YES_AGGRESSIVE;
				GCC_WARN_UNUSED_FUNCTION = YES;
				GCC_WARN_UNUSED_VARIABLE = YES;
				IPHONEOS_DEPLOYMENT_TARGET = 11.0;
				MTL_ENABLE_DEBUG_INFO = NO;
				SDKROOT = iphoneos;
				SWIFT_OPTIMIZATION_LEVEL = "-Owholemodule";
				VALIDATE_PRODUCT = YES;
			};
			name = Release;
		};
		E7E58F202095FC22003FFEA7 /* Debug */ = {
			isa = XCBuildConfiguration;
			buildSettings = {
				ASSETCATALOG_COMPILER_APPICON_NAME = AppIcon;
				CODE_SIGN_STYLE = Automatic;
				DEVELOPMENT_TEAM = 7JW64WU539;
				INFOPLIST_FILE = Curiosity/Info.plist;
				LD_RUNPATH_SEARCH_PATHS = "$(inherited) @executable_path/Frameworks";
				PRODUCT_BUNDLE_IDENTIFIER = "hci-group3-interactive-news-explorer.Curiosity";
				PRODUCT_NAME = "$(TARGET_NAME)";
				SWIFT_VERSION = 4.0;
				TARGETED_DEVICE_FAMILY = "1,2";
			};
			name = Debug;
		};
		E7E58F212095FC22003FFEA7 /* Release */ = {
			isa = XCBuildConfiguration;
			buildSettings = {
				ASSETCATALOG_COMPILER_APPICON_NAME = AppIcon;
				CODE_SIGN_STYLE = Automatic;
				DEVELOPMENT_TEAM = 7JW64WU539;
				INFOPLIST_FILE = Curiosity/Info.plist;
				LD_RUNPATH_SEARCH_PATHS = "$(inherited) @executable_path/Frameworks";
				PRODUCT_BUNDLE_IDENTIFIER = "hci-group3-interactive-news-explorer.Curiosity";
				PRODUCT_NAME = "$(TARGET_NAME)";
				SWIFT_VERSION = 4.0;
				TARGETED_DEVICE_FAMILY = "1,2";
			};
			name = Release;
		};
		E7E58F232095FC22003FFEA7 /* Debug */ = {
			isa = XCBuildConfiguration;
			buildSettings = {
				ALWAYS_EMBED_SWIFT_STANDARD_LIBRARIES = YES;
				BUNDLE_LOADER = "$(TEST_HOST)";
				CLANG_ENABLE_MODULES = YES;
				CODE_SIGN_STYLE = Automatic;
				INFOPLIST_FILE = CuriosityTests/Info.plist;
				LD_RUNPATH_SEARCH_PATHS = "$(inherited) @executable_path/Frameworks @loader_path/Frameworks";
				PRODUCT_BUNDLE_IDENTIFIER = "hci-group3-interactive-news-explorer.CuriosityTests";
				PRODUCT_NAME = "$(TARGET_NAME)";
				SWIFT_OPTIMIZATION_LEVEL = "-Onone";
				SWIFT_VERSION = 4.0;
				TARGETED_DEVICE_FAMILY = "1,2";
				TEST_HOST = "$(BUILT_PRODUCTS_DIR)/Curiosity.app/Curiosity";
			};
			name = Debug;
		};
		E7E58F242095FC22003FFEA7 /* Release */ = {
			isa = XCBuildConfiguration;
			buildSettings = {
				ALWAYS_EMBED_SWIFT_STANDARD_LIBRARIES = YES;
				BUNDLE_LOADER = "$(TEST_HOST)";
				CLANG_ENABLE_MODULES = YES;
				CODE_SIGN_STYLE = Automatic;
				INFOPLIST_FILE = CuriosityTests/Info.plist;
				LD_RUNPATH_SEARCH_PATHS = "$(inherited) @executable_path/Frameworks @loader_path/Frameworks";
				PRODUCT_BUNDLE_IDENTIFIER = "hci-group3-interactive-news-explorer.CuriosityTests";
				PRODUCT_NAME = "$(TARGET_NAME)";
				SWIFT_VERSION = 4.0;
				TARGETED_DEVICE_FAMILY = "1,2";
				TEST_HOST = "$(BUILT_PRODUCTS_DIR)/Curiosity.app/Curiosity";
			};
			name = Release;
		};
		E7E58F262095FC22003FFEA7 /* Debug */ = {
			isa = XCBuildConfiguration;
			buildSettings = {
				ALWAYS_EMBED_SWIFT_STANDARD_LIBRARIES = YES;
				CODE_SIGN_STYLE = Automatic;
				INFOPLIST_FILE = CuriosityUITests/Info.plist;
				LD_RUNPATH_SEARCH_PATHS = "$(inherited) @executable_path/Frameworks @loader_path/Frameworks";
				PRODUCT_BUNDLE_IDENTIFIER = "hci-group3-interactive-news-explorer.CuriosityUITests";
				PRODUCT_NAME = "$(TARGET_NAME)";
				SWIFT_VERSION = 4.0;
				TARGETED_DEVICE_FAMILY = "1,2";
				TEST_TARGET_NAME = Curiosity;
			};
			name = Debug;
		};
		E7E58F272095FC22003FFEA7 /* Release */ = {
			isa = XCBuildConfiguration;
			buildSettings = {
				ALWAYS_EMBED_SWIFT_STANDARD_LIBRARIES = YES;
				CODE_SIGN_STYLE = Automatic;
				INFOPLIST_FILE = CuriosityUITests/Info.plist;
				LD_RUNPATH_SEARCH_PATHS = "$(inherited) @executable_path/Frameworks @loader_path/Frameworks";
				PRODUCT_BUNDLE_IDENTIFIER = "hci-group3-interactive-news-explorer.CuriosityUITests";
				PRODUCT_NAME = "$(TARGET_NAME)";
				SWIFT_VERSION = 4.0;
				TARGETED_DEVICE_FAMILY = "1,2";
				TEST_TARGET_NAME = Curiosity;
			};
			name = Release;
		};
/* End XCBuildConfiguration section */

/* Begin XCConfigurationList section */
		E7E58EF22095FC22003FFEA7 /* Build configuration list for PBXProject "Curiosity" */ = {
			isa = XCConfigurationList;
			buildConfigurations = (
				E7E58F1D2095FC22003FFEA7 /* Debug */,
				E7E58F1E2095FC22003FFEA7 /* Release */,
			);
			defaultConfigurationIsVisible = 0;
			defaultConfigurationName = Release;
		};
		E7E58F1F2095FC22003FFEA7 /* Build configuration list for PBXNativeTarget "Curiosity" */ = {
			isa = XCConfigurationList;
			buildConfigurations = (
				E7E58F202095FC22003FFEA7 /* Debug */,
				E7E58F212095FC22003FFEA7 /* Release */,
			);
			defaultConfigurationIsVisible = 0;
			defaultConfigurationName = Release;
		};
		E7E58F222095FC22003FFEA7 /* Build configuration list for PBXNativeTarget "CuriosityTests" */ = {
			isa = XCConfigurationList;
			buildConfigurations = (
				E7E58F232095FC22003FFEA7 /* Debug */,
				E7E58F242095FC22003FFEA7 /* Release */,
			);
			defaultConfigurationIsVisible = 0;
			defaultConfigurationName = Release;
		};
		E7E58F252095FC22003FFEA7 /* Build configuration list for PBXNativeTarget "CuriosityUITests" */ = {
			isa = XCConfigurationList;
			buildConfigurations = (
				E7E58F262095FC22003FFEA7 /* Debug */,
				E7E58F272095FC22003FFEA7 /* Release */,
			);
			defaultConfigurationIsVisible = 0;
			defaultConfigurationName = Release;
		};
/* End XCConfigurationList section */
	};
	rootObject = E7E58EEF2095FC22003FFEA7 /* Project object */;
}
